
Microsoft Visual Studio Solution File, Format Version 12.00
# Visual Studio 15
VisualStudioVersion = 15.0.28307.645
MinimumVisualStudioVersion = 10.0.40219.1
Project("{9A19103F-16F7-4668-BE54-9A1E7A4F7556}") = "Introduction", "Introduction\Introduction.csproj", "{AEB70700-D6E4-4532-9AF9-2F2B1EBA446A}"
EndProject
Project("{FAE04EC0-301F-11D3-BF4B-00C04F79EFBC}") = "Perpustakaan", "Perpustakaan\Perpustakaan.csproj", "{B30241C7-A395-4591-8219-20972144EC01}"
EndProject
Global
	GlobalSection(SolutionConfigurationPlatforms) = preSolution
		Debug|Any CPU = Debug|Any CPU
		Release|Any CPU = Release|Any CPU
	EndGlobalSection
	GlobalSection(ProjectConfigurationPlatforms) = postSolution
		{AEB70700-D6E4-4532-9AF9-2F2B1EBA446A}.Debug|Any CPU.ActiveCfg = Debug|Any CPU
		{AEB70700-D6E4-4532-9AF9-2F2B1EBA446A}.Debug|Any CPU.Build.0 = Debug|Any CPU
		{AEB70700-D6E4-4532-9AF9-2F2B1EBA446A}.Release|Any CPU.ActiveCfg = Release|Any CPU
		{AEB70700-D6E4-4532-9AF9-2F2B1EBA446A}.Release|Any CPU.Build.0 = Release|Any CPU
		{B30241C7-A395-4591-8219-20972144EC01}.Debug|Any CPU.ActiveCfg = Debug|Any CPU
		{B30241C7-A395-4591-8219-20972144EC01}.Debug|Any CPU.Build.0 = Debug|Any CPU
		{B30241C7-A395-4591-8219-20972144EC01}.Release|Any CPU.ActiveCfg = Release|Any CPU
		{B30241C7-A395-4591-8219-20972144EC01}.Release|Any CPU.Build.0 = Release|Any CPU
	EndGlobalSection
	GlobalSection(SolutionProperties) = preSolution
		HideSolutionNode = FALSE
	EndGlobalSection
	GlobalSection(ExtensibilityGlobals) = postSolution
		SolutionGuid = {4D67C5A1-3CC4-4798-9E97-95198E17BE32}
	EndGlobalSection
EndGlobal
