
Microsoft Visual Studio Solution File, Format Version 12.00
# Visual Studio 15
VisualStudioVersion = 15.0.28307.645
MinimumVisualStudioVersion = 10.0.40219.1
Project("{FAE04EC0-301F-11D3-BF4B-00C04F79EFBC}") = "EbookASPNETCore", "EbookASPNETCore\EbookASPNETCore.csproj", "{2F68DAE7-9F39-4CE4-A26D-16CD0D265239}"
EndProject
Global
	GlobalSection(SolutionConfigurationPlatforms) = preSolution
		Debug|Any CPU = Debug|Any CPU
		Release|Any CPU = Release|Any CPU
	EndGlobalSection
	GlobalSection(ProjectConfigurationPlatforms) = postSolution
		{2F68DAE7-9F39-4CE4-A26D-16CD0D265239}.Debug|Any CPU.ActiveCfg = Debug|Any CPU
		{2F68DAE7-9F39-4CE4-A26D-16CD0D265239}.Debug|Any CPU.Build.0 = Debug|Any CPU
		{2F68DAE7-9F39-4CE4-A26D-16CD0D265239}.Release|Any CPU.ActiveCfg = Release|Any CPU
		{2F68DAE7-9F39-4CE4-A26D-16CD0D265239}.Release|Any CPU.Build.0 = Release|Any CPU
	EndGlobalSection
	GlobalSection(SolutionProperties) = preSolution
		HideSolutionNode = FALSE
	EndGlobalSection
	GlobalSection(ExtensibilityGlobals) = postSolution
		SolutionGuid = {4D67C5A1-3CC4-4798-9E97-95198E17BE32}
	EndGlobalSection
EndGlobal
